
Microsoft Visual Studio Solution File, Format Version 12.00
# Visual Studio Version 17
VisualStudioVersion = 17.14.37111.16 d17.14
MinimumVisualStudioVersion = 10.0.40219.1
Project("{FAE04EC0-301F-11D3-BF4B-00C04F79EFBC}") = "Trabalho_Api", "Trabalho_Api.csproj", "{D154D4CF-902D-4102-9B16-0FC1980F6FD4}"
EndProject
Global
	GlobalSection(SolutionConfigurationPlatforms) = preSolution
		Debug|Any CPU = Debug|Any CPU
		Release|Any CPU = Release|Any CPU
	EndGlobalSection
	GlobalSection(ProjectConfigurationPlatforms) = postSolution
		{D154D4CF-902D-4102-9B16-0FC1980F6FD4}.Debug|Any CPU.ActiveCfg = Debug|Any CPU
		{D154D4CF-902D-4102-9B16-0FC1980F6FD4}.Debug|Any CPU.Build.0 = Debug|Any CPU
		{D154D4CF-902D-4102-9B16-0FC1980F6FD4}.Release|Any CPU.ActiveCfg = Release|Any CPU
		{D154D4CF-902D-4102-9B16-0FC1980F6FD4}.Release|Any CPU.Build.0 = Release|Any CPU
	EndGlobalSection
	GlobalSection(SolutionProperties) = preSolution
		HideSolutionNode = FALSE
	EndGlobalSection
	GlobalSection(ExtensibilityGlobals) = postSolution
		SolutionGuid = {3F80FED7-4F11-4A22-A39A-E2F8E1396589}
	EndGlobalSection
EndGlobal
